// !$*UTF8*$!
{
	archiveVersion = 1;
	classes = {
	};
	objectVersion = 51;
	objects = {

/* Begin PBXBuildFile section */
		8155E532A45DB0E8767E176C /* Pods_FirebaseUIAPP.framework in Frameworks */ = {isa = PBXBuildFile; fileRef = 43F4CDDE076D18E3DFED60F4 /* Pods_FirebaseUIAPP.framework */; };
		9D7BF3DB24F8F493007158BC /* AppDelegate.swift in Sources */ = {isa = PBXBuildFile; fileRef = 9D7BF3DA24F8F493007158BC /* AppDelegate.swift */; };
		9D7BF3DD24F8F493007158BC /* SceneDelegate.swift in Sources */ = {isa = PBXBuildFile; fileRef = 9D7BF3DC24F8F493007158BC /* SceneDelegate.swift */; };
		9D7BF3DF24F8F493007158BC /* ContentView.swift in Sources */ = {isa = PBXBuildFile; fileRef = 9D7BF3DE24F8F493007158BC /* ContentView.swift */; };
		9D7BF3E124F8F495007158BC /* Assets.xcassets in Resources */ = {isa = PBXBuildFile; fileRef = 9D7BF3E024F8F495007158BC /* Assets.xcassets */; };
		9D7BF3E424F8F495007158BC /* Preview Assets.xcassets in Resources */ = {isa = PBXBuildFile; fileRef = 9D7BF3E324F8F495007158BC /* Preview Assets.xcassets */; };
		9D7BF3E724F8F495007158BC /* LaunchScreen.storyboard in Resources */ = {isa = PBXBuildFile; fileRef = 9D7BF3E524F8F495007158BC /* LaunchScreen.storyboard */; };
		9D7BF3F124F8F5CA007158BC /* GoogleService-Info.plist in Resources */ = {isa = PBXBuildFile; fileRef = 9D7BF3F024F8F5CA007158BC /* GoogleService-Info.plist */; };
		9D7BF3F324F8F5E7007158BC /* FirebaseUIView.swift in Sources */ = {isa = PBXBuildFile; fileRef = 9D7BF3F224F8F5E7007158BC /* FirebaseUIView.swift */; };
		9D7BF3F524F8FABB007158BC /* FirebaseAuthStateManager.swift in Sources */ = {isa = PBXBuildFile; fileRef = 9D7BF3F424F8FABB007158BC /* FirebaseAuthStateManager.swift */; };
/* End PBXBuildFile section */

/* Begin PBXFileReference section */
		43F4CDDE076D18E3DFED60F4 /* Pods_FirebaseUIAPP.framework */ = {isa = PBXFileReference; explicitFileType = wrapper.framework; includeInIndex = 0; path = Pods_FirebaseUIAPP.framework; sourceTree = BUILT_PRODUCTS_DIR; };
		9D7BF3D724F8F493007158BC /* FirebaseUIAPP.app */ = {isa = PBXFileReference; explicitFileType = wrapper.application; includeInIndex = 0; path = FirebaseUIAPP.app; sourceTree = BUILT_PRODUCTS_DIR; };
		9D7BF3DA24F8F493007158BC /* AppDelegate.swift */ = {isa = PBXFileReference; lastKnownFileType = sourcecode.swift; path = AppDelegate.swift; sourceTree = "<group>"; };
		9D7BF3DC24F8F493007158BC /* SceneDelegate.swift */ = {isa = PBXFileReference; lastKnownFileType = sourcecode.swift; path = SceneDelegate.swift; sourceTree = "<group>"; };
		9D7BF3DE24F8F493007158BC /* ContentView.swift */ = {isa = PBXFileReference; lastKnownFileType = sourcecode.swift; path = ContentView.swift; sourceTree = "<group>"; };
		9D7BF3E024F8F495007158BC /* Assets.xcassets */ = {isa = PBXFileReference; lastKnownFileType = folder.assetcatalog; path = Assets.xcassets; sourceTree = "<group>"; };
		9D7BF3E324F8F495007158BC /* Preview Assets.xcassets */ = {isa = PBXFileReference; lastKnownFileType = folder.assetcatalog; path = "Preview Assets.xcassets"; sourceTree = "<group>"; };
		9D7BF3E624F8F495007158BC /* Base */ = {isa = PBXFileReference; lastKnownFileType = file.storyboard; name = Base; path = Base.lproj/LaunchScreen.storyboard; sourceTree = "<group>"; };
		9D7BF3E824F8F495007158BC /* Info.plist */ = {isa = PBXFileReference; lastKnownFileType = text.plist.xml; path = Info.plist; sourceTree = "<group>"; };
		9D7BF3F024F8F5CA007158BC /* GoogleService-Info.plist */ = {isa = PBXFileReference; lastKnownFileType = text.plist; path = "GoogleService-Info.plist"; sourceTree = SOURCE_ROOT; };
		9D7BF3F224F8F5E7007158BC /* FirebaseUIView.swift */ = {isa = PBXFileReference; lastKnownFileType = sourcecode.swift; path = FirebaseUIView.swift; sourceTree = "<group>"; };
		9D7BF3F424F8FABB007158BC /* FirebaseAuthStateManager.swift */ = {isa = PBXFileReference; lastKnownFileType = sourcecode.swift; path = FirebaseAuthStateManager.swift; sourceTree = "<group>"; };
		A992D07E206F8BD392935D3F /* Pods-FirebaseUIAPP.release.xcconfig */ = {isa = PBXFileReference; includeInIndex = 1; lastKnownFileType = text.xcconfig; name = "Pods-FirebaseUIAPP.release.xcconfig"; path = "Target Support Files/Pods-FirebaseUIAPP/Pods-FirebaseUIAPP.release.xcconfig"; sourceTree = "<group>"; };
		D7E58852339937E79C9AB102 /* Pods-FirebaseUIAPP.debug.xcconfig */ = {isa = PBXFileReference; includeInIndex = 1; lastKnownFileType = text.xcconfig; name = "Pods-FirebaseUIAPP.debug.xcconfig"; path = "Target Support Files/Pods-FirebaseUIAPP/Pods-FirebaseUIAPP.debug.xcconfig"; sourceTree = "<group>"; };
/* End PBXFileReference section */

/* Begin PBXFrameworksBuildPhase section */
		9D7BF3D424F8F493007158BC /* Frameworks */ = {
			isa = PBXFrameworksBuildPhase;
			buildActionMask = 2147483647;
			files = (
				8155E532A45DB0E8767E176C /* Pods_FirebaseUIAPP.framework in Frameworks */,
			);
			runOnlyForDeploymentPostprocessing = 0;
		};
/* End PBXFrameworksBuildPhase section */

/* Begin PBXGroup section */
		081ABE64FA168E22DBACC268 /* Frameworks */ = {
			isa = PBXGroup;
			children = (
				43F4CDDE076D18E3DFED60F4 /* Pods_FirebaseUIAPP.framework */,
			);
			name = Frameworks;
			sourceTree = "<group>";
		};
		1F5F2DD729468F9F91B8217B /* Pods */ = {
			isa = PBXGroup;
			children = (
				D7E58852339937E79C9AB102 /* Pods-FirebaseUIAPP.debug.xcconfig */,
				A992D07E206F8BD392935D3F /* Pods-FirebaseUIAPP.release.xcconfig */,
			);
			path = Pods;
			sourceTree = "<group>";
		};
		9D7BF3CE24F8F493007158BC = {
			isa = PBXGroup;
			children = (
				9D7BF3D924F8F493007158BC /* FirebaseUIAPP */,
				9D7BF3D824F8F493007158BC /* Products */,
				1F5F2DD729468F9F91B8217B /* Pods */,
				081ABE64FA168E22DBACC268 /* Frameworks */,
			);
			sourceTree = "<group>";
		};
		9D7BF3D824F8F493007158BC /* Products */ = {
			isa = PBXGroup;
			children = (
				9D7BF3D724F8F493007158BC /* FirebaseUIAPP.app */,
			);
			name = Products;
			sourceTree = "<group>";
		};
		9D7BF3D924F8F493007158BC /* FirebaseUIAPP */ = {
			isa = PBXGroup;
			children = (
				9D7BF3DA24F8F493007158BC /* AppDelegate.swift */,
				9D7BF3DC24F8F493007158BC /* SceneDelegate.swift */,
				9D7BF3DE24F8F493007158BC /* ContentView.swift */,
				9D7BF3F424F8FABB007158BC /* FirebaseAuthStateManager.swift */,
				9D7BF3F224F8F5E7007158BC /* FirebaseUIView.swift */,
				9D7BF3E024F8F495007158BC /* Assets.xcassets */,
				9D7BF3E524F8F495007158BC /* LaunchScreen.storyboard */,
				9D7BF3E824F8F495007158BC /* Info.plist */,
				9D7BF3F024F8F5CA007158BC /* GoogleService-Info.plist */,
				9D7BF3E224F8F495007158BC /* Preview Content */,
			);
			path = FirebaseUIAPP;
			sourceTree = "<group>";
		};
		9D7BF3E224F8F495007158BC /* Preview Content */ = {
			isa = PBXGroup;
			children = (
				9D7BF3E324F8F495007158BC /* Preview Assets.xcassets */,
			);
			path = "Preview Content";
			sourceTree = "<group>";
		};
/* End PBXGroup section */

/* Begin PBXNativeTarget section */
		9D7BF3D624F8F493007158BC /* FirebaseUIAPP */ = {
			isa = PBXNativeTarget;
			buildConfigurationList = 9D7BF3EB24F8F495007158BC /* Build configuration list for PBXNativeTarget "FirebaseUIAPP" */;
			buildPhases = (
				576542C9BE67139C9767BB64 /* [CP] Check Pods Manifest.lock */,
				9D7BF3D324F8F493007158BC /* Sources */,
				9D7BF3D424F8F493007158BC /* Frameworks */,
				9D7BF3D524F8F493007158BC /* Resources */,
				15F34E9E6C85B1E33066A89E /* [CP] Embed Pods Frameworks */,
				1B0D62AEC6EB21651FA74204 /* [CP] Copy Pods Resources */,
			);
			buildRules = (
			);
			dependencies = (
			);
			name = FirebaseUIAPP;
			productName = FirebaseUIAPP;
			productReference = 9D7BF3D724F8F493007158BC /* FirebaseUIAPP.app */;
			productType = "com.apple.product-type.application";
		};
/* End PBXNativeTarget section */

/* Begin PBXProject section */
		9D7BF3CF24F8F493007158BC /* Project object */ = {
			isa = PBXProject;
			attributes = {
				LastSwiftUpdateCheck = 1160;
				LastUpgradeCheck = 1160;
				ORGANIZATIONNAME = FromF.github.com;
				TargetAttributes = {
					9D7BF3D624F8F493007158BC = {
						CreatedOnToolsVersion = 11.6;
					};
				};
			};
			buildConfigurationList = 9D7BF3D224F8F493007158BC /* Build configuration list for PBXProject "FirebaseUIAPP" */;
			compatibilityVersion = "Xcode 9.3";
			developmentRegion = en;
			hasScannedForEncodings = 0;
			knownRegions = (
				en,
				Base,
			);
			mainGroup = 9D7BF3CE24F8F493007158BC;
			productRefGroup = 9D7BF3D824F8F493007158BC /* Products */;
			projectDirPath = "";
			projectRoot = "";
			targets = (
				9D7BF3D624F8F493007158BC /* FirebaseUIAPP */,
			);
		};
/* End PBXProject section */

/* Begin PBXResourcesBuildPhase section */
		9D7BF3D524F8F493007158BC /* Resources */ = {
			isa = PBXResourcesBuildPhase;
			buildActionMask = 2147483647;
			files = (
				9D7BF3E724F8F495007158BC /* LaunchScreen.storyboard in Resources */,
				9D7BF3F124F8F5CA007158BC /* GoogleService-Info.plist in Resources */,
				9D7BF3E424F8F495007158BC /* Preview Assets.xcassets in Resources */,
				9D7BF3E124F8F495007158BC /* Assets.xcassets in Resources */,
			);
			runOnlyForDeploymentPostprocessing = 0;
		};
/* End PBXResourcesBuildPhase section */

/* Begin PBXShellScriptBuildPhase section */
		15F34E9E6C85B1E33066A89E /* [CP] Embed Pods Frameworks */ = {
			isa = PBXShellScriptBuildPhase;
			buildActionMask = 2147483647;
			files = (
			);
			inputFileListPaths = (
				"${PODS_ROOT}/Target Support Files/Pods-FirebaseUIAPP/Pods-FirebaseUIAPP-frameworks-${CONFIGURATION}-input-files.xcfilelist",
			);
			name = "[CP] Embed Pods Frameworks";
			outputFileListPaths = (
				"${PODS_ROOT}/Target Support Files/Pods-FirebaseUIAPP/Pods-FirebaseUIAPP-frameworks-${CONFIGURATION}-output-files.xcfilelist",
			);
			runOnlyForDeploymentPostprocessing = 0;
			shellPath = /bin/sh;
			shellScript = "\"${PODS_ROOT}/Target Support Files/Pods-FirebaseUIAPP/Pods-FirebaseUIAPP-frameworks.sh\"\n";
			showEnvVarsInLog = 0;
		};
		1B0D62AEC6EB21651FA74204 /* [CP] Copy Pods Resources */ = {
			isa = PBXShellScriptBuildPhase;
			buildActionMask = 2147483647;
			files = (
			);
			inputFileListPaths = (
				"${PODS_ROOT}/Target Support Files/Pods-FirebaseUIAPP/Pods-FirebaseUIAPP-resources-${CONFIGURATION}-input-files.xcfilelist",
			);
			name = "[CP] Copy Pods Resources";
			outputFileListPaths = (
				"${PODS_ROOT}/Target Support Files/Pods-FirebaseUIAPP/Pods-FirebaseUIAPP-resources-${CONFIGURATION}-output-files.xcfilelist",
			);
			runOnlyForDeploymentPostprocessing = 0;
			shellPath = /bin/sh;
			shellScript = "\"${PODS_ROOT}/Target Support Files/Pods-FirebaseUIAPP/Pods-FirebaseUIAPP-resources.sh\"\n";
			showEnvVarsInLog = 0;
		};
		576542C9BE67139C9767BB64 /* [CP] Check Pods Manifest.lock */ = {
			isa = PBXShellScriptBuildPhase;
			buildActionMask = 2147483647;
			files = (
			);
			inputFileListPaths = (
			);
			inputPaths = (
				"${PODS_PODFILE_DIR_PATH}/Podfile.lock",
				"${PODS_ROOT}/Manifest.lock",
			);
			name = "[CP] Check Pods Manifest.lock";
			outputFileListPaths = (
			);
			outputPaths = (
				"$(DERIVED_FILE_DIR)/Pods-FirebaseUIAPP-checkManifestLockResult.txt",
			);
			runOnlyForDeploymentPostprocessing = 0;
			shellPath = /bin/sh;
			shellScript = "diff \"${PODS_PODFILE_DIR_PATH}/Podfile.lock\" \"${PODS_ROOT}/Manifest.lock\" > /dev/null\nif [ $? != 0 ] ; then\n    # print error to STDERR\n    echo \"error: The sandbox is not in sync with the Podfile.lock. Run 'pod install' or update your CocoaPods installation.\" >&2\n    exit 1\nfi\n# This output is used by Xcode 'outputs' to avoid re-running this script phase.\necho \"SUCCESS\" > \"${SCRIPT_OUTPUT_FILE_0}\"\n";
			showEnvVarsInLog = 0;
		};
/* End PBXShellScriptBuildPhase section */

/* Begin PBXSourcesBuildPhase section */
		9D7BF3D324F8F493007158BC /* Sources */ = {
			isa = PBXSourcesBuildPhase;
			buildActionMask = 2147483647;
			files = (
				9D7BF3DB24F8F493007158BC /* AppDelegate.swift in Sources */,
				9D7BF3F324F8F5E7007158BC /* FirebaseUIView.swift in Sources */,
				9D7BF3DD24F8F493007158BC /* SceneDelegate.swift in Sources */,
				9D7BF3F524F8FABB007158BC /* FirebaseAuthStateManager.swift in Sources */,
				9D7BF3DF24F8F493007158BC /* ContentView.swift in Sources */,
			);
			runOnlyForDeploymentPostprocessing = 0;
		};
/* End PBXSourcesBuildPhase section */

/* Begin PBXVariantGroup section */
		9D7BF3E524F8F495007158BC /* LaunchScreen.storyboard */ = {
			isa = PBXVariantGroup;
			children = (
				9D7BF3E624F8F495007158BC /* Base */,
			);
			name = LaunchScreen.storyboard;
			sourceTree = "<group>";
		};
/* End PBXVariantGroup section */

/* Begin XCBuildConfiguration section */
		9D7BF3E924F8F495007158BC /* Debug */ = {
			isa = XCBuildConfiguration;
			buildSettings = {
				ALWAYS_SEARCH_USER_PATHS = NO;
				CLANG_ANALYZER_NONNULL = YES;
				CLANG_ANALYZER_NUMBER_OBJECT_CONVERSION = YES_AGGRESSIVE;
				CLANG_CXX_LANGUAGE_STANDARD = "gnu++14";
				CLANG_CXX_LIBRARY = "libc++";
				CLANG_ENABLE_MODULES = YES;
				CLANG_ENABLE_OBJC_ARC = YES;
				CLANG_ENABLE_OBJC_WEAK = YES;
				CLANG_WARN_BLOCK_CAPTURE_AUTORELEASING = YES;
				CLANG_WARN_BOOL_CONVERSION = YES;
				CLANG_WARN_COMMA = YES;
				CLANG_WARN_CONSTANT_CONVERSION = YES;
				CLANG_WARN_DEPRECATED_OBJC_IMPLEMENTATIONS = YES;
				CLANG_WARN_DIRECT_OBJC_ISA_USAGE = YES_ERROR;
				CLANG_WARN_DOCUMENTATION_COMMENTS = YES;
				CLANG_WARN_EMPTY_BODY = YES;
				CLANG_WARN_ENUM_CONVERSION = YES;
				CLANG_WARN_INFINITE_RECURSION = YES;
				CLANG_WARN_INT_CONVERSION = YES;
				CLANG_WARN_NON_LITERAL_NULL_CONVERSION = YES;
				CLANG_WARN_OBJC_IMPLICIT_RETAIN_SELF = YES;
				CLANG_WARN_OBJC_LITERAL_CONVERSION = YES;
				CLANG_WARN_OBJC_ROOT_CLASS = YES_ERROR;
				CLANG_WARN_RANGE_LOOP_ANALYSIS = YES;
				CLANG_WARN_STRICT_PROTOTYPES = YES;
				CLANG_WARN_SUSPICIOUS_MOVE = YES;
				CLANG_WARN_UNGUARDED_AVAILABILITY = YES_AGGRESSIVE;
				CLANG_WARN_UNREACHABLE_CODE = YES;
				CLANG_WARN__DUPLICATE_METHOD_MATCH = YES;
				COPY_PHASE_STRIP = NO;
				DEBUG_INFORMATION_FORMAT = dwarf;
				ENABLE_STRICT_OBJC_MSGSEND = YES;
				ENABLE_TESTABILITY = YES;
				GCC_C_LANGUAGE_STANDARD = gnu11;
				GCC_DYNAMIC_NO_PIC = NO;
				GCC_NO_COMMON_BLOCKS = YES;
				GCC_OPTIMIZATION_LEVEL = 0;
				GCC_PREPROCESSOR_DEFINITIONS = (
					"DEBUG=1",
					"$(inherited)",
				);
				GCC_WARN_64_TO_32_BIT_CONVERSION = YES;
				GCC_WARN_ABOUT_RETURN_TYPE = YES_ERROR;
				GCC_WARN_UNDECLARED_SELECTOR = YES;
				GCC_WARN_UNINITIALIZED_AUTOS = YES_AGGRESSIVE;
				GCC_WARN_UNUSED_FUNCTION = YES;
				GCC_WARN_UNUSED_VARIABLE = YES;
				IPHONEOS_DEPLOYMENT_TARGET = 13.6;
				MTL_ENABLE_DEBUG_INFO = INCLUDE_SOURCE;
				MTL_FAST_MATH = YES;
				ONLY_ACTIVE_ARCH = YES;
				SDKROOT = iphoneos;
				SWIFT_ACTIVE_COMPILATION_CONDITIONS = DEBUG;
				SWIFT_OPTIMIZATION_LEVEL = "-Onone";
			};
			name = Debug;
		};
		9D7BF3EA24F8F495007158BC /* Release */ = {
			isa = XCBuildConfiguration;
			buildSettings = {
				ALWAYS_SEARCH_USER_PATHS = NO;
				CLANG_ANALYZER_NONNULL = YES;
				CLANG_ANALYZER_NUMBER_OBJECT_CONVERSION = YES_AGGRESSIVE;
				CLANG_CXX_LANGUAGE_STANDARD = "gnu++14";
				CLANG_CXX_LIBRARY = "libc++";
				CLANG_ENABLE_MODULES = YES;
				CLANG_ENABLE_OBJC_ARC = YES;
				CLANG_ENABLE_OBJC_WEAK = YES;
				CLANG_WARN_BLOCK_CAPTURE_AUTORELEASING = YES;
				CLANG_WARN_BOOL_CONVERSION = YES;
				CLANG_WARN_COMMA = YES;
				CLANG_WARN_CONSTANT_CONVERSION = YES;
				CLANG_WARN_DEPRECATED_OBJC_IMPLEMENTATIONS = YES;
				CLANG_WARN_DIRECT_OBJC_ISA_USAGE = YES_ERROR;
				CLANG_WARN_DOCUMENTATION_COMMENTS = YES;
				CLANG_WARN_EMPTY_BODY = YES;
				CLANG_WARN_ENUM_CONVERSION = YES;
				CLANG_WARN_INFINITE_RECURSION = YES;
				CLANG_WARN_INT_CONVERSION = YES;
				CLANG_WARN_NON_LITERAL_NULL_CONVERSION = YES;
				CLANG_WARN_OBJC_IMPLICIT_RETAIN_SELF = YES;
				CLANG_WARN_OBJC_LITERAL_CONVERSION = YES;
				CLANG_WARN_OBJC_ROOT_CLASS = YES_ERROR;
				CLANG_WARN_RANGE_LOOP_ANALYSIS = YES;
				CLANG_WARN_STRICT_PROTOTYPES = YES;
				CLANG_WARN_SUSPICIOUS_MOVE = YES;
				CLANG_WARN_UNGUARDED_AVAILABILITY = YES_AGGRESSIVE;
				CLANG_WARN_UNREACHABLE_CODE = YES;
				CLANG_WARN__DUPLICATE_METHOD_MATCH = YES;
				COPY_PHASE_STRIP = NO;
				DEBUG_INFORMATION_FORMAT = "dwarf-with-dsym";
				ENABLE_NS_ASSERTIONS = NO;
				ENABLE_STRICT_OBJC_MSGSEND = YES;
				GCC_C_LANGUAGE_STANDARD = gnu11;
				GCC_NO_COMMON_BLOCKS = YES;
				GCC_WARN_64_TO_32_BIT_CONVERSION = YES;
				GCC_WARN_ABOUT_RETURN_TYPE = YES_ERROR;
				GCC_WARN_UNDECLARED_SELECTOR = YES;
				GCC_WARN_UNINITIALIZED_AUTOS = YES_AGGRESSIVE;
				GCC_WARN_UNUSED_FUNCTION = YES;
				GCC_WARN_UNUSED_VARIABLE = YES;
				IPHONEOS_DEPLOYMENT_TARGET = 13.6;
				MTL_ENABLE_DEBUG_INFO = NO;
				MTL_FAST_MATH = YES;
				SDKROOT = iphoneos;
				SWIFT_COMPILATION_MODE = wholemodule;
				SWIFT_OPTIMIZATION_LEVEL = "-O";
				VALIDATE_PRODUCT = YES;
			};
			name = Release;
		};
		9D7BF3EC24F8F495007158BC /* Debug */ = {
			isa = XCBuildConfiguration;
			baseConfigurationReference = D7E58852339937E79C9AB102 /* Pods-FirebaseUIAPP.debug.xcconfig */;
			buildSettings = {
				ASSETCATALOG_COMPILER_APPICON_NAME = AppIcon;
				CODE_SIGN_STYLE = Automatic;
				DEVELOPMENT_ASSET_PATHS = "\"FirebaseUIAPP/Preview Content\"";
				ENABLE_PREVIEWS = YES;
				INFOPLIST_FILE = FirebaseUIAPP/Info.plist;
				LD_RUNPATH_SEARCH_PATHS = (
					"$(inherited)",
					"@executable_path/Frameworks",
				);
				PRODUCT_BUNDLE_IDENTIFIER = FromF.github.com.FirebaseUIAPP;
				PRODUCT_NAME = "$(TARGET_NAME)";
				SWIFT_VERSION = 5.0;
				TARGETED_DEVICE_FAMILY = "1,2";
			};
			name = Debug;
		};
		9D7BF3ED24F8F495007158BC /* Release */ = {
			isa = XCBuildConfiguration;
			baseConfigurationReference = A992D07E206F8BD392935D3F /* Pods-FirebaseUIAPP.release.xcconfig */;
			buildSettings = {
				ASSETCATALOG_COMPILER_APPICON_NAME = AppIcon;
				CODE_SIGN_STYLE = Automatic;
				DEVELOPMENT_ASSET_PATHS = "\"FirebaseUIAPP/Preview Content\"";
				ENABLE_PREVIEWS = YES;
				INFOPLIST_FILE = FirebaseUIAPP/Info.plist;
				LD_RUNPATH_SEARCH_PATHS = (
					"$(inherited)",
					"@executable_path/Frameworks",
				);
				PRODUCT_BUNDLE_IDENTIFIER = FromF.github.com.FirebaseUIAPP;
				PRODUCT_NAME = "$(TARGET_NAME)";
				SWIFT_VERSION = 5.0;
				TARGETED_DEVICE_FAMILY = "1,2";
			};
			name = Release;
		};
/* End XCBuildConfiguration section */

/* Begin XCConfigurationList section */
		9D7BF3D224F8F493007158BC /* Build configuration list for PBXProject "FirebaseUIAPP" */ = {
			isa = XCConfigurationList;
			buildConfigurations = (
				9D7BF3E924F8F495007158BC /* Debug */,
				9D7BF3EA24F8F495007158BC /* Release */,
			);
			defaultConfigurationIsVisible = 0;
			defaultConfigurationName = Release;
		};
		9D7BF3EB24F8F495007158BC /* Build configuration list for PBXNativeTarget "FirebaseUIAPP" */ = {
			isa = XCConfigurationList;
			buildConfigurations = (
				9D7BF3EC24F8F495007158BC /* Debug */,
				9D7BF3ED24F8F495007158BC /* Release */,
			);
			defaultConfigurationIsVisible = 0;
			defaultConfigurationName = Release;
		};
/* End XCConfigurationList section */
	};
	rootObject = 9D7BF3CF24F8F493007158BC /* Project object */;
}
